
Microsoft Visual Studio Solution File, Format Version 12.00
# Visual Studio 14
VisualStudioVersion = 14.0.25123.0
MinimumVisualStudioVersion = 10.0.40219.1
Project("{FAE04EC0-301F-11D3-BF4B-00C04F79EFBC}") = "Imkashi.Extensions", "Imkashi.Extensions\Imkashi.Extensions.csproj", "{34E3A6B3-8924-4F32-B046-51672DCDB189}"
EndProject
Project("{FAE04EC0-301F-11D3-BF4B-00C04F79EFBC}") = "Imkashi.Extensions.Drawing", "Imkashi.Extensions.Drawing\Imkashi.Extensions.Drawing.csproj", "{3D8EA2F5-E581-4D0B-BA91-EC9ECAE34132}"
EndProject
Project("{FAE04EC0-301F-11D3-BF4B-00C04F79EFBC}") = "Imkashi.Extensions.Tests", "Imkashi.Extensions.Tests\Imkashi.Extensions.Tests.csproj", "{D4B0015F-CA39-4546-83C0-097904A671E2}"
EndProject
Project("{2150E333-8FDC-42A3-9474-1A3956D46DE8}") = "dotExtensions", "dotExtensions", "{E5B2F1F0-9D80-4D4E-8551-40C0709B2468}"
EndProject
Project("{2150E333-8FDC-42A3-9474-1A3956D46DE8}") = "dotExtensions.Drawing", "dotExtensions.Drawing", "{A5E8BF9C-1DFD-443A-BF74-37AB92340864}"
EndProject
Global
	GlobalSection(SolutionConfigurationPlatforms) = preSolution
		Debug|Any CPU = Debug|Any CPU
		Release|Any CPU = Release|Any CPU
	EndGlobalSection
	GlobalSection(ProjectConfigurationPlatforms) = postSolution
		{34E3A6B3-8924-4F32-B046-51672DCDB189}.Debug|Any CPU.ActiveCfg = Debug|Any CPU
		{34E3A6B3-8924-4F32-B046-51672DCDB189}.Debug|Any CPU.Build.0 = Debug|Any CPU
		{34E3A6B3-8924-4F32-B046-51672DCDB189}.Release|Any CPU.ActiveCfg = Release|Any CPU
		{34E3A6B3-8924-4F32-B046-51672DCDB189}.Release|Any CPU.Build.0 = Release|Any CPU
		{3D8EA2F5-E581-4D0B-BA91-EC9ECAE34132}.Debug|Any CPU.ActiveCfg = Debug|Any CPU
		{3D8EA2F5-E581-4D0B-BA91-EC9ECAE34132}.Debug|Any CPU.Build.0 = Debug|Any CPU
		{3D8EA2F5-E581-4D0B-BA91-EC9ECAE34132}.Release|Any CPU.ActiveCfg = Release|Any CPU
		{3D8EA2F5-E581-4D0B-BA91-EC9ECAE34132}.Release|Any CPU.Build.0 = Release|Any CPU
		{D4B0015F-CA39-4546-83C0-097904A671E2}.Debug|Any CPU.ActiveCfg = Debug|Any CPU
		{D4B0015F-CA39-4546-83C0-097904A671E2}.Debug|Any CPU.Build.0 = Debug|Any CPU
		{D4B0015F-CA39-4546-83C0-097904A671E2}.Release|Any CPU.ActiveCfg = Release|Any CPU
		{D4B0015F-CA39-4546-83C0-097904A671E2}.Release|Any CPU.Build.0 = Release|Any CPU
	EndGlobalSection
	GlobalSection(SolutionProperties) = preSolution
		HideSolutionNode = FALSE
	EndGlobalSection
	GlobalSection(NestedProjects) = preSolution
		{34E3A6B3-8924-4F32-B046-51672DCDB189} = {E5B2F1F0-9D80-4D4E-8551-40C0709B2468}
		{3D8EA2F5-E581-4D0B-BA91-EC9ECAE34132} = {A5E8BF9C-1DFD-443A-BF74-37AB92340864}
		{D4B0015F-CA39-4546-83C0-097904A671E2} = {E5B2F1F0-9D80-4D4E-8551-40C0709B2468}
	EndGlobalSection
EndGlobal
